// !$*UTF8*$!
{
	archiveVersion = 1;
	classes = {
	};
	objectVersion = 56;
	objects = {

/* Begin PBXBuildFile section */
		2A2649372A01E4FC00B3FECA /* LocationManager.swift in Sources */ = {isa = PBXBuildFile; fileRef = 2A2649362A01E4FC00B3FECA /* LocationManager.swift */; };
		2A496A882A04D6FE00075840 /* MyPostView.swift in Sources */ = {isa = PBXBuildFile; fileRef = 2A496A872A04D6FE00075840 /* MyPostView.swift */; };
		2A496A8A2A04DD7A00075840 /* MyPostViewModel.swift in Sources */ = {isa = PBXBuildFile; fileRef = 2A496A892A04DD7A00075840 /* MyPostViewModel.swift */; };
		2A496A8C2A05E58E00075840 /* FirebaseStorage in Frameworks */ = {isa = PBXBuildFile; productRef = 2A496A8B2A05E58E00075840 /* FirebaseStorage */; };
		2A496A8E2A0638F100075840 /* UIImagePickerView.swift in Sources */ = {isa = PBXBuildFile; fileRef = 2A496A8D2A0638F100075840 /* UIImagePickerView.swift */; };
		2A5100282A0399D4009F6D19 /* AccountView.swift in Sources */ = {isa = PBXBuildFile; fileRef = 2A5100272A0399D4009F6D19 /* AccountView.swift */; };
		2A68BBF829FE46EB00898B9D /* LoginView.swift in Sources */ = {isa = PBXBuildFile; fileRef = 2A68BBF729FE46EB00898B9D /* LoginView.swift */; };
		2A68BBFA29FE471500898B9D /* AuthenticationViewModel.swift in Sources */ = {isa = PBXBuildFile; fileRef = 2A68BBF929FE471500898B9D /* AuthenticationViewModel.swift */; };
		2A68BBFD29FE724900898B9D /* PostComposeView.swift in Sources */ = {isa = PBXBuildFile; fileRef = 2A68BBFC29FE724900898B9D /* PostComposeView.swift */; };
		2A68BBFF29FE758D00898B9D /* PostComposeViewModel.swift in Sources */ = {isa = PBXBuildFile; fileRef = 2A68BBFE29FE758D00898B9D /* PostComposeViewModel.swift */; };
		2A68BC0329FE94E500898B9D /* FirebaseFirestore in Frameworks */ = {isa = PBXBuildFile; productRef = 2A68BC0229FE94E500898B9D /* FirebaseFirestore */; };
		2A80BBDE2A00FF38006959F7 /* HomeViewModel.swift in Sources */ = {isa = PBXBuildFile; fileRef = 2A80BBDD2A00FF38006959F7 /* HomeViewModel.swift */; };
		2A80BBE02A0100DF006959F7 /* PostCarouselView.swift in Sources */ = {isa = PBXBuildFile; fileRef = 2A80BBDF2A0100DF006959F7 /* PostCarouselView.swift */; };
		2A83FE812A022A9300F583BA /* MapViewModel.swift in Sources */ = {isa = PBXBuildFile; fileRef = 2A83FE802A022A9300F583BA /* MapViewModel.swift */; };
		2A83FE832A0252D600F583BA /* MapView.swift in Sources */ = {isa = PBXBuildFile; fileRef = 2A83FE822A0252D600F583BA /* MapView.swift */; };
		2A8B271329FF79D1000A703C /* Post.swift in Sources */ = {isa = PBXBuildFile; fileRef = 2A8B271229FF79D1000A703C /* Post.swift */; };
		2A8B271529FFBDD4000A703C /* FirestoreModel.swift in Sources */ = {isa = PBXBuildFile; fileRef = 2A8B271429FFBDD4000A703C /* FirestoreModel.swift */; };
		2AF38E862A039F30001F62C5 /* SettingView.swift in Sources */ = {isa = PBXBuildFile; fileRef = 2AF38E852A039F30001F62C5 /* SettingView.swift */; };
		2AF38E882A03D419001F62C5 /* HomeView.swift in Sources */ = {isa = PBXBuildFile; fileRef = 2AF38E872A03D419001F62C5 /* HomeView.swift */; };
		2AF38E8A2A040895001F62C5 /* IdentifiablePlace.swift in Sources */ = {isa = PBXBuildFile; fileRef = 2AF38E892A040895001F62C5 /* IdentifiablePlace.swift */; };
		2AF38E912A04C935001F62C5 /* PostView.swift in Sources */ = {isa = PBXBuildFile; fileRef = 2AF38E902A04C935001F62C5 /* PostView.swift */; };
		2AF5046729FD554900A30D9D /* EventMapApp.swift in Sources */ = {isa = PBXBuildFile; fileRef = 2AF5046629FD554900A30D9D /* EventMapApp.swift */; };
		2AF5046929FD554900A30D9D /* ContentView.swift in Sources */ = {isa = PBXBuildFile; fileRef = 2AF5046829FD554900A30D9D /* ContentView.swift */; };
		2AF5046B29FD554A00A30D9D /* Assets.xcassets in Resources */ = {isa = PBXBuildFile; fileRef = 2AF5046A29FD554A00A30D9D /* Assets.xcassets */; };
		2AF5046E29FD554A00A30D9D /* Preview Assets.xcassets in Resources */ = {isa = PBXBuildFile; fileRef = 2AF5046D29FD554A00A30D9D /* Preview Assets.xcassets */; };
		2AF5047529FD627D00A30D9D /* GoogleService-Info.plist in Resources */ = {isa = PBXBuildFile; fileRef = 2AF5047429FD627D00A30D9D /* GoogleService-Info.plist */; };
		2AF5047829FD63A300A30D9D /* FirebaseAnalytics in Frameworks */ = {isa = PBXBuildFile; productRef = 2AF5047729FD63A300A30D9D /* FirebaseAnalytics */; };
		2AF5047A29FD63A300A30D9D /* FirebaseAnalyticsSwift in Frameworks */ = {isa = PBXBuildFile; productRef = 2AF5047929FD63A300A30D9D /* FirebaseAnalyticsSwift */; };
		2AF5049729FD6AC200A30D9D /* FirebaseAuth in Frameworks */ = {isa = PBXBuildFile; productRef = 2AF5049629FD6AC200A30D9D /* FirebaseAuth */; };
/* End PBXBuildFile section */

/* Begin PBXFileReference section */
		2A2649362A01E4FC00B3FECA /* LocationManager.swift */ = {isa = PBXFileReference; lastKnownFileType = sourcecode.swift; path = LocationManager.swift; sourceTree = "<group>"; };
		2A3C76D329FD6C6E00912FB9 /* EventMap.entitlements */ = {isa = PBXFileReference; lastKnownFileType = text.plist.entitlements; path = EventMap.entitlements; sourceTree = "<group>"; };
		2A496A872A04D6FE00075840 /* MyPostView.swift */ = {isa = PBXFileReference; lastKnownFileType = sourcecode.swift; path = MyPostView.swift; sourceTree = "<group>"; };
		2A496A892A04DD7A00075840 /* MyPostViewModel.swift */ = {isa = PBXFileReference; lastKnownFileType = sourcecode.swift; path = MyPostViewModel.swift; sourceTree = "<group>"; };
		2A496A8D2A0638F100075840 /* UIImagePickerView.swift */ = {isa = PBXFileReference; lastKnownFileType = sourcecode.swift; path = UIImagePickerView.swift; sourceTree = "<group>"; };
		2A5100272A0399D4009F6D19 /* AccountView.swift */ = {isa = PBXFileReference; lastKnownFileType = sourcecode.swift; path = AccountView.swift; sourceTree = "<group>"; };
		2A68BBF729FE46EB00898B9D /* LoginView.swift */ = {isa = PBXFileReference; lastKnownFileType = sourcecode.swift; path = LoginView.swift; sourceTree = "<group>"; };
		2A68BBF929FE471500898B9D /* AuthenticationViewModel.swift */ = {isa = PBXFileReference; lastKnownFileType = sourcecode.swift; path = AuthenticationViewModel.swift; sourceTree = "<group>"; };
		2A68BBFC29FE724900898B9D /* PostComposeView.swift */ = {isa = PBXFileReference; lastKnownFileType = sourcecode.swift; path = PostComposeView.swift; sourceTree = "<group>"; };
		2A68BBFE29FE758D00898B9D /* PostComposeViewModel.swift */ = {isa = PBXFileReference; lastKnownFileType = sourcecode.swift; path = PostComposeViewModel.swift; sourceTree = "<group>"; };
		2A80BBDD2A00FF38006959F7 /* HomeViewModel.swift */ = {isa = PBXFileReference; lastKnownFileType = sourcecode.swift; path = HomeViewModel.swift; sourceTree = "<group>"; };
		2A80BBDF2A0100DF006959F7 /* PostCarouselView.swift */ = {isa = PBXFileReference; lastKnownFileType = sourcecode.swift; path = PostCarouselView.swift; sourceTree = "<group>"; };
		2A83FE802A022A9300F583BA /* MapViewModel.swift */ = {isa = PBXFileReference; lastKnownFileType = sourcecode.swift; path = MapViewModel.swift; sourceTree = "<group>"; };
		2A83FE822A0252D600F583BA /* MapView.swift */ = {isa = PBXFileReference; lastKnownFileType = sourcecode.swift; path = MapView.swift; sourceTree = "<group>"; };
		2A8B271229FF79D1000A703C /* Post.swift */ = {isa = PBXFileReference; lastKnownFileType = sourcecode.swift; path = Post.swift; sourceTree = "<group>"; };
		2A8B271429FFBDD4000A703C /* FirestoreModel.swift */ = {isa = PBXFileReference; lastKnownFileType = sourcecode.swift; path = FirestoreModel.swift; sourceTree = "<group>"; };
		2AF38E852A039F30001F62C5 /* SettingView.swift */ = {isa = PBXFileReference; lastKnownFileType = sourcecode.swift; path = SettingView.swift; sourceTree = "<group>"; };
		2AF38E872A03D419001F62C5 /* HomeView.swift */ = {isa = PBXFileReference; lastKnownFileType = sourcecode.swift; path = HomeView.swift; sourceTree = "<group>"; };
		2AF38E892A040895001F62C5 /* IdentifiablePlace.swift */ = {isa = PBXFileReference; lastKnownFileType = sourcecode.swift; path = IdentifiablePlace.swift; sourceTree = "<group>"; };
		2AF38E902A04C935001F62C5 /* PostView.swift */ = {isa = PBXFileReference; lastKnownFileType = sourcecode.swift; path = PostView.swift; sourceTree = "<group>"; };
		2AF5046329FD554900A30D9D /* EventMap.app */ = {isa = PBXFileReference; explicitFileType = wrapper.application; includeInIndex = 0; path = EventMap.app; sourceTree = BUILT_PRODUCTS_DIR; };
		2AF5046629FD554900A30D9D /* EventMapApp.swift */ = {isa = PBXFileReference; lastKnownFileType = sourcecode.swift; path = EventMapApp.swift; sourceTree = "<group>"; };
		2AF5046829FD554900A30D9D /* ContentView.swift */ = {isa = PBXFileReference; lastKnownFileType = sourcecode.swift; path = ContentView.swift; sourceTree = "<group>"; };
		2AF5046A29FD554A00A30D9D /* Assets.xcassets */ = {isa = PBXFileReference; lastKnownFileType = folder.assetcatalog; path = Assets.xcassets; sourceTree = "<group>"; };
		2AF5046D29FD554A00A30D9D /* Preview Assets.xcassets */ = {isa = PBXFileReference; lastKnownFileType = folder.assetcatalog; path = "Preview Assets.xcassets"; sourceTree = "<group>"; };
		2AF5047429FD627D00A30D9D /* GoogleService-Info.plist */ = {isa = PBXFileReference; fileEncoding = 4; lastKnownFileType = text.plist.xml; path = "GoogleService-Info.plist"; sourceTree = "<group>"; };
/* End PBXFileReference section */

/* Begin PBXFrameworksBuildPhase section */
		2AF5046029FD554900A30D9D /* Frameworks */ = {
			isa = PBXFrameworksBuildPhase;
			buildActionMask = 2147483647;
			files = (
				2AF5047A29FD63A300A30D9D /* FirebaseAnalyticsSwift in Frameworks */,
				2A68BC0329FE94E500898B9D /* FirebaseFirestore in Frameworks */,
				2AF5049729FD6AC200A30D9D /* FirebaseAuth in Frameworks */,
				2A496A8C2A05E58E00075840 /* FirebaseStorage in Frameworks */,
				2AF5047829FD63A300A30D9D /* FirebaseAnalytics in Frameworks */,
			);
			runOnlyForDeploymentPostprocessing = 0;
		};
/* End PBXFrameworksBuildPhase section */

/* Begin PBXGroup section */
		2AF38E8B2A04B0F9001F62C5 /* Home */ = {
			isa = PBXGroup;
			children = (
				2AF38E872A03D419001F62C5 /* HomeView.swift */,
				2A80BBDD2A00FF38006959F7 /* HomeViewModel.swift */,
			);
			path = Home;
			sourceTree = "<group>";
		};
		2AF38E8C2A04B186001F62C5 /* Account */ = {
			isa = PBXGroup;
			children = (
				2A5100272A0399D4009F6D19 /* AccountView.swift */,
				2A496A872A04D6FE00075840 /* MyPostView.swift */,
				2A496A892A04DD7A00075840 /* MyPostViewModel.swift */,
				2AF38E852A039F30001F62C5 /* SettingView.swift */,
				2A68BBF729FE46EB00898B9D /* LoginView.swift */,
			);
			path = Account;
			sourceTree = "<group>";
		};
		2AF38E8D2A04B1A3001F62C5 /* Map */ = {
			isa = PBXGroup;
			children = (
				2A83FE822A0252D600F583BA /* MapView.swift */,
				2A83FE802A022A9300F583BA /* MapViewModel.swift */,
				2AF38E892A040895001F62C5 /* IdentifiablePlace.swift */,
			);
			path = Map;
			sourceTree = "<group>";
		};
		2AF38E8E2A04B1DD001F62C5 /* Post */ = {
			isa = PBXGroup;
			children = (
				2A68BBFC29FE724900898B9D /* PostComposeView.swift */,
				2A68BBFE29FE758D00898B9D /* PostComposeViewModel.swift */,
				2A80BBDF2A0100DF006959F7 /* PostCarouselView.swift */,
				2A8B271229FF79D1000A703C /* Post.swift */,
				2AF38E902A04C935001F62C5 /* PostView.swift */,
				2A496A8D2A0638F100075840 /* UIImagePickerView.swift */,
			);
			path = Post;
			sourceTree = "<group>";
		};
		2AF38E8F2A04B2C9001F62C5 /* Repository */ = {
			isa = PBXGroup;
			children = (
				2A68BBF929FE471500898B9D /* AuthenticationViewModel.swift */,
				2A8B271429FFBDD4000A703C /* FirestoreModel.swift */,
				2A2649362A01E4FC00B3FECA /* LocationManager.swift */,
			);
			path = Repository;
			sourceTree = "<group>";
		};
		2AF5045A29FD554900A30D9D = {
			isa = PBXGroup;
			children = (
				2AF5046529FD554900A30D9D /* EventMap */,
				2AF5046429FD554900A30D9D /* Products */,
				2AF5049529FD6AC200A30D9D /* Frameworks */,
			);
			sourceTree = "<group>";
		};
		2AF5046429FD554900A30D9D /* Products */ = {
			isa = PBXGroup;
			children = (
				2AF5046329FD554900A30D9D /* EventMap.app */,
			);
			name = Products;
			sourceTree = "<group>";
		};
		2AF5046529FD554900A30D9D /* EventMap */ = {
			isa = PBXGroup;
			children = (
				2A3C76D329FD6C6E00912FB9 /* EventMap.entitlements */,
				2AF5046629FD554900A30D9D /* EventMapApp.swift */,
				2AF5046829FD554900A30D9D /* ContentView.swift */,
				2AF38E8F2A04B2C9001F62C5 /* Repository */,
				2AF38E8E2A04B1DD001F62C5 /* Post */,
				2AF38E8D2A04B1A3001F62C5 /* Map */,
				2AF38E8C2A04B186001F62C5 /* Account */,
				2AF38E8B2A04B0F9001F62C5 /* Home */,
				2AF5046A29FD554A00A30D9D /* Assets.xcassets */,
				2AF5047429FD627D00A30D9D /* GoogleService-Info.plist */,
				2AF5046C29FD554A00A30D9D /* Preview Content */,
			);
			path = EventMap;
			sourceTree = "<group>";
		};
		2AF5046C29FD554A00A30D9D /* Preview Content */ = {
			isa = PBXGroup;
			children = (
				2AF5046D29FD554A00A30D9D /* Preview Assets.xcassets */,
			);
			path = "Preview Content";
			sourceTree = "<group>";
		};
		2AF5049529FD6AC200A30D9D /* Frameworks */ = {
			isa = PBXGroup;
			children = (
			);
			name = Frameworks;
			sourceTree = "<group>";
		};
/* End PBXGroup section */

/* Begin PBXNativeTarget section */
		2AF5046229FD554900A30D9D /* EventMap */ = {
			isa = PBXNativeTarget;
			buildConfigurationList = 2AF5047129FD554A00A30D9D /* Build configuration list for PBXNativeTarget "EventMap" */;
			buildPhases = (
				2AF5045F29FD554900A30D9D /* Sources */,
				2AF5046029FD554900A30D9D /* Frameworks */,
				2AF5046129FD554900A30D9D /* Resources */,
			);
			buildRules = (
			);
			dependencies = (
			);
			name = EventMap;
			packageProductDependencies = (
				2AF5047729FD63A300A30D9D /* FirebaseAnalytics */,
				2AF5047929FD63A300A30D9D /* FirebaseAnalyticsSwift */,
				2AF5049629FD6AC200A30D9D /* FirebaseAuth */,
				2A68BC0229FE94E500898B9D /* FirebaseFirestore */,
				2A496A8B2A05E58E00075840 /* FirebaseStorage */,
			);
			productName = EventMap;
			productReference = 2AF5046329FD554900A30D9D /* EventMap.app */;
			productType = "com.apple.product-type.application";
		};
/* End PBXNativeTarget section */

/* Begin PBXProject section */
		2AF5045B29FD554900A30D9D /* Project object */ = {
			isa = PBXProject;
			attributes = {
				BuildIndependentTargetsInParallel = 1;
				LastSwiftUpdateCheck = 1430;
				LastUpgradeCheck = 1430;
				TargetAttributes = {
					2AF5046229FD554900A30D9D = {
						CreatedOnToolsVersion = 14.3;
					};
				};
			};
			buildConfigurationList = 2AF5045E29FD554900A30D9D /* Build configuration list for PBXProject "EventMap" */;
			compatibilityVersion = "Xcode 14.0";
			developmentRegion = en;
			hasScannedForEncodings = 0;
			knownRegions = (
				en,
				Base,
			);
			mainGroup = 2AF5045A29FD554900A30D9D;
			packageReferences = (
				2AF5047629FD63A300A30D9D /* XCRemoteSwiftPackageReference "firebase-ios-sdk" */,
			);
			productRefGroup = 2AF5046429FD554900A30D9D /* Products */;
			projectDirPath = "";
			projectRoot = "";
			targets = (
				2AF5046229FD554900A30D9D /* EventMap */,
			);
		};
/* End PBXProject section */

/* Begin PBXResourcesBuildPhase section */
		2AF5046129FD554900A30D9D /* Resources */ = {
			isa = PBXResourcesBuildPhase;
			buildActionMask = 2147483647;
			files = (
				2AF5046E29FD554A00A30D9D /* Preview Assets.xcassets in Resources */,
				2AF5046B29FD554A00A30D9D /* Assets.xcassets in Resources */,
				2AF5047529FD627D00A30D9D /* GoogleService-Info.plist in Resources */,
			);
			runOnlyForDeploymentPostprocessing = 0;
		};
/* End PBXResourcesBuildPhase section */

/* Begin PBXSourcesBuildPhase section */
		2AF5045F29FD554900A30D9D /* Sources */ = {
			isa = PBXSourcesBuildPhase;
			buildActionMask = 2147483647;
			files = (
				2A68BBFA29FE471500898B9D /* AuthenticationViewModel.swift in Sources */,
				2A68BBF829FE46EB00898B9D /* LoginView.swift in Sources */,
				2A496A882A04D6FE00075840 /* MyPostView.swift in Sources */,
				2A496A8E2A0638F100075840 /* UIImagePickerView.swift in Sources */,
				2A80BBE02A0100DF006959F7 /* PostCarouselView.swift in Sources */,
				2A2649372A01E4FC00B3FECA /* LocationManager.swift in Sources */,
				2A5100282A0399D4009F6D19 /* AccountView.swift in Sources */,
				2A83FE832A0252D600F583BA /* MapView.swift in Sources */,
				2AF38E862A039F30001F62C5 /* SettingView.swift in Sources */,
				2AF5046929FD554900A30D9D /* ContentView.swift in Sources */,
				2A8B271529FFBDD4000A703C /* FirestoreModel.swift in Sources */,
				2A68BBFD29FE724900898B9D /* PostComposeView.swift in Sources */,
				2A80BBDE2A00FF38006959F7 /* HomeViewModel.swift in Sources */,
				2A68BBFF29FE758D00898B9D /* PostComposeViewModel.swift in Sources */,
				2A8B271329FF79D1000A703C /* Post.swift in Sources */,
				2AF38E882A03D419001F62C5 /* HomeView.swift in Sources */,
				2AF38E8A2A040895001F62C5 /* IdentifiablePlace.swift in Sources */,
				2A496A8A2A04DD7A00075840 /* MyPostViewModel.swift in Sources */,
				2AF5046729FD554900A30D9D /* EventMapApp.swift in Sources */,
				2AF38E912A04C935001F62C5 /* PostView.swift in Sources */,
				2A83FE812A022A9300F583BA /* MapViewModel.swift in Sources */,
			);
			runOnlyForDeploymentPostprocessing = 0;
		};
/* End PBXSourcesBuildPhase section */

/* Begin XCBuildConfiguration section */
		2AF5046F29FD554A00A30D9D /* Debug */ = {
			isa = XCBuildConfiguration;
			buildSettings = {
				ALWAYS_SEARCH_USER_PATHS = NO;
				CLANG_ANALYZER_NONNULL = YES;
				CLANG_ANALYZER_NUMBER_OBJECT_CONVERSION = YES_AGGRESSIVE;
				CLANG_CXX_LANGUAGE_STANDARD = "gnu++20";
				CLANG_ENABLE_MODULES = YES;
				CLANG_ENABLE_OBJC_ARC = YES;
				CLANG_ENABLE_OBJC_WEAK = YES;
				CLANG_WARN_BLOCK_CAPTURE_AUTORELEASING = YES;
				CLANG_WARN_BOOL_CONVERSION = YES;
				CLANG_WARN_COMMA = YES;
				CLANG_WARN_CONSTANT_CONVERSION = YES;
				CLANG_WARN_DEPRECATED_OBJC_IMPLEMENTATIONS = YES;
				CLANG_WARN_DIRECT_OBJC_ISA_USAGE = YES_ERROR;
				CLANG_WARN_DOCUMENTATION_COMMENTS = YES;
				CLANG_WARN_EMPTY_BODY = YES;
				CLANG_WARN_ENUM_CONVERSION = YES;
				CLANG_WARN_INFINITE_RECURSION = YES;
				CLANG_WARN_INT_CONVERSION = YES;
				CLANG_WARN_NON_LITERAL_NULL_CONVERSION = YES;
				CLANG_WARN_OBJC_IMPLICIT_RETAIN_SELF = YES;
				CLANG_WARN_OBJC_LITERAL_CONVERSION = YES;
				CLANG_WARN_OBJC_ROOT_CLASS = YES_ERROR;
				CLANG_WARN_QUOTED_INCLUDE_IN_FRAMEWORK_HEADER = YES;
				CLANG_WARN_RANGE_LOOP_ANALYSIS = YES;
				CLANG_WARN_STRICT_PROTOTYPES = YES;
				CLANG_WARN_SUSPICIOUS_MOVE = YES;
				CLANG_WARN_UNGUARDED_AVAILABILITY = YES_AGGRESSIVE;
				CLANG_WARN_UNREACHABLE_CODE = YES;
				CLANG_WARN__DUPLICATE_METHOD_MATCH = YES;
				COPY_PHASE_STRIP = NO;
				DEBUG_INFORMATION_FORMAT = dwarf;
				ENABLE_STRICT_OBJC_MSGSEND = YES;
				ENABLE_TESTABILITY = YES;
				GCC_C_LANGUAGE_STANDARD = gnu11;
				GCC_DYNAMIC_NO_PIC = NO;
				GCC_NO_COMMON_BLOCKS = YES;
				GCC_OPTIMIZATION_LEVEL = 0;
				GCC_PREPROCESSOR_DEFINITIONS = (
					"DEBUG=1",
					"$(inherited)",
				);
				GCC_WARN_64_TO_32_BIT_CONVERSION = YES;
				GCC_WARN_ABOUT_RETURN_TYPE = YES_ERROR;
				GCC_WARN_UNDECLARED_SELECTOR = YES;
				GCC_WARN_UNINITIALIZED_AUTOS = YES_AGGRESSIVE;
				GCC_WARN_UNUSED_FUNCTION = YES;
				GCC_WARN_UNUSED_VARIABLE = YES;
				IPHONEOS_DEPLOYMENT_TARGET = 16.4;
				MTL_ENABLE_DEBUG_INFO = INCLUDE_SOURCE;
				MTL_FAST_MATH = YES;
				ONLY_ACTIVE_ARCH = YES;
				SDKROOT = iphoneos;
				SWIFT_ACTIVE_COMPILATION_CONDITIONS = DEBUG;
				SWIFT_OPTIMIZATION_LEVEL = "-Onone";
			};
			name = Debug;
		};
		2AF5047029FD554A00A30D9D /* Release */ = {
			isa = XCBuildConfiguration;
			buildSettings = {
				ALWAYS_SEARCH_USER_PATHS = NO;
				CLANG_ANALYZER_NONNULL = YES;
				CLANG_ANALYZER_NUMBER_OBJECT_CONVERSION = YES_AGGRESSIVE;
				CLANG_CXX_LANGUAGE_STANDARD = "gnu++20";
				CLANG_ENABLE_MODULES = YES;
				CLANG_ENABLE_OBJC_ARC = YES;
				CLANG_ENABLE_OBJC_WEAK = YES;
				CLANG_WARN_BLOCK_CAPTURE_AUTORELEASING = YES;
				CLANG_WARN_BOOL_CONVERSION = YES;
				CLANG_WARN_COMMA = YES;
				CLANG_WARN_CONSTANT_CONVERSION = YES;
				CLANG_WARN_DEPRECATED_OBJC_IMPLEMENTATIONS = YES;
				CLANG_WARN_DIRECT_OBJC_ISA_USAGE = YES_ERROR;
				CLANG_WARN_DOCUMENTATION_COMMENTS = YES;
				CLANG_WARN_EMPTY_BODY = YES;
				CLANG_WARN_ENUM_CONVERSION = YES;
				CLANG_WARN_INFINITE_RECURSION = YES;
				CLANG_WARN_INT_CONVERSION = YES;
				CLANG_WARN_NON_LITERAL_NULL_CONVERSION = YES;
				CLANG_WARN_OBJC_IMPLICIT_RETAIN_SELF = YES;
				CLANG_WARN_OBJC_LITERAL_CONVERSION = YES;
				CLANG_WARN_OBJC_ROOT_CLASS = YES_ERROR;
				CLANG_WARN_QUOTED_INCLUDE_IN_FRAMEWORK_HEADER = YES;
				CLANG_WARN_RANGE_LOOP_ANALYSIS = YES;
				CLANG_WARN_STRICT_PROTOTYPES = YES;
				CLANG_WARN_SUSPICIOUS_MOVE = YES;
				CLANG_WARN_UNGUARDED_AVAILABILITY = YES_AGGRESSIVE;
				CLANG_WARN_UNREACHABLE_CODE = YES;
				CLANG_WARN__DUPLICATE_METHOD_MATCH = YES;
				COPY_PHASE_STRIP = NO;
				DEBUG_INFORMATION_FORMAT = "dwarf-with-dsym";
				ENABLE_NS_ASSERTIONS = NO;
				ENABLE_STRICT_OBJC_MSGSEND = YES;
				GCC_C_LANGUAGE_STANDARD = gnu11;
				GCC_NO_COMMON_BLOCKS = YES;
				GCC_WARN_64_TO_32_BIT_CONVERSION = YES;
				GCC_WARN_ABOUT_RETURN_TYPE = YES_ERROR;
				GCC_WARN_UNDECLARED_SELECTOR = YES;
				GCC_WARN_UNINITIALIZED_AUTOS = YES_AGGRESSIVE;
				GCC_WARN_UNUSED_FUNCTION = YES;
				GCC_WARN_UNUSED_VARIABLE = YES;
				IPHONEOS_DEPLOYMENT_TARGET = 16.4;
				MTL_ENABLE_DEBUG_INFO = NO;
				MTL_FAST_MATH = YES;
				SDKROOT = iphoneos;
				SWIFT_COMPILATION_MODE = wholemodule;
				SWIFT_OPTIMIZATION_LEVEL = "-O";
				VALIDATE_PRODUCT = YES;
			};
			name = Release;
		};
		2AF5047229FD554A00A30D9D /* Debug */ = {
			isa = XCBuildConfiguration;
			buildSettings = {
				ASSETCATALOG_COMPILER_APPICON_NAME = AppIcon;
				ASSETCATALOG_COMPILER_GLOBAL_ACCENT_COLOR_NAME = AccentColor;
				CODE_SIGN_ENTITLEMENTS = EventMap/EventMap.entitlements;
				CODE_SIGN_STYLE = Automatic;
				CURRENT_PROJECT_VERSION = 1;
				DEVELOPMENT_ASSET_PATHS = "\"EventMap/Preview Content\"";
				DEVELOPMENT_TEAM = BGS5U89ZQT;
				ENABLE_PREVIEWS = YES;
				GENERATE_INFOPLIST_FILE = YES;
				INFOPLIST_KEY_LSApplicationCategoryType = "Privacy - Location When In Use Usage Description";
				INFOPLIST_KEY_NSCameraUsageDescription = "カメラは、写真撮影に使用されます。";
				INFOPLIST_KEY_NSLocationWhenInUseUsageDescription = "位置情報は、地図上での位置の表示に使用されます。";
				INFOPLIST_KEY_UIApplicationSceneManifest_Generation = YES;
				INFOPLIST_KEY_UIApplicationSupportsIndirectInputEvents = YES;
				INFOPLIST_KEY_UILaunchScreen_Generation = YES;
				INFOPLIST_KEY_UISupportedInterfaceOrientations_iPad = "UIInterfaceOrientationPortrait UIInterfaceOrientationPortraitUpsideDown UIInterfaceOrientationLandscapeLeft UIInterfaceOrientationLandscapeRight";
				INFOPLIST_KEY_UISupportedInterfaceOrientations_iPhone = "UIInterfaceOrientationPortrait UIInterfaceOrientationLandscapeLeft UIInterfaceOrientationLandscapeRight";
				LD_RUNPATH_SEARCH_PATHS = (
					"$(inherited)",
					"@executable_path/Frameworks",
				);
				MARKETING_VERSION = 1.0;
				PRODUCT_BUNDLE_IDENTIFIER = ryodeveloper.EventMap;
				PRODUCT_NAME = "$(TARGET_NAME)";
				SWIFT_EMIT_LOC_STRINGS = YES;
				SWIFT_VERSION = 5.0;
				TARGETED_DEVICE_FAMILY = "1,2";
			};
			name = Debug;
		};
		2AF5047329FD554A00A30D9D /* Release */ = {
			isa = XCBuildConfiguration;
			buildSettings = {
				ASSETCATALOG_COMPILER_APPICON_NAME = AppIcon;
				ASSETCATALOG_COMPILER_GLOBAL_ACCENT_COLOR_NAME = AccentColor;
				CODE_SIGN_ENTITLEMENTS = EventMap/EventMap.entitlements;
				CODE_SIGN_STYLE = Automatic;
				CURRENT_PROJECT_VERSION = 1;
				DEVELOPMENT_ASSET_PATHS = "\"EventMap/Preview Content\"";
				DEVELOPMENT_TEAM = BGS5U89ZQT;
				ENABLE_PREVIEWS = YES;
				GENERATE_INFOPLIST_FILE = YES;
				INFOPLIST_KEY_LSApplicationCategoryType = "Privacy - Location When In Use Usage Description";
				INFOPLIST_KEY_NSCameraUsageDescription = "カメラは、写真撮影に使用されます。";
				INFOPLIST_KEY_NSLocationWhenInUseUsageDescription = "位置情報は、地図上での位置の表示に使用されます。";
				INFOPLIST_KEY_UIApplicationSceneManifest_Generation = YES;
				INFOPLIST_KEY_UIApplicationSupportsIndirectInputEvents = YES;
				INFOPLIST_KEY_UILaunchScreen_Generation = YES;
				INFOPLIST_KEY_UISupportedInterfaceOrientations_iPad = "UIInterfaceOrientationPortrait UIInterfaceOrientationPortraitUpsideDown UIInterfaceOrientationLandscapeLeft UIInterfaceOrientationLandscapeRight";
				INFOPLIST_KEY_UISupportedInterfaceOrientations_iPhone = "UIInterfaceOrientationPortrait UIInterfaceOrientationLandscapeLeft UIInterfaceOrientationLandscapeRight";
				LD_RUNPATH_SEARCH_PATHS = (
					"$(inherited)",
					"@executable_path/Frameworks",
				);
				MARKETING_VERSION = 1.0;
				PRODUCT_BUNDLE_IDENTIFIER = ryodeveloper.EventMap;
				PRODUCT_NAME = "$(TARGET_NAME)";
				SWIFT_EMIT_LOC_STRINGS = YES;
				SWIFT_VERSION = 5.0;
				TARGETED_DEVICE_FAMILY = "1,2";
			};
			name = Release;
		};
/* End XCBuildConfiguration section */

/* Begin XCConfigurationList section */
		2AF5045E29FD554900A30D9D /* Build configuration list for PBXProject "EventMap" */ = {
			isa = XCConfigurationList;
			buildConfigurations = (
				2AF5046F29FD554A00A30D9D /* Debug */,
				2AF5047029FD554A00A30D9D /* Release */,
			);
			defaultConfigurationIsVisible = 0;
			defaultConfigurationName = Release;
		};
		2AF5047129FD554A00A30D9D /* Build configuration list for PBXNativeTarget "EventMap" */ = {
			isa = XCConfigurationList;
			buildConfigurations = (
				2AF5047229FD554A00A30D9D /* Debug */,
				2AF5047329FD554A00A30D9D /* Release */,
			);
			defaultConfigurationIsVisible = 0;
			defaultConfigurationName = Release;
		};
/* End XCConfigurationList section */

/* Begin XCRemoteSwiftPackageReference section */
		2AF5047629FD63A300A30D9D /* XCRemoteSwiftPackageReference "firebase-ios-sdk" */ = {
			isa = XCRemoteSwiftPackageReference;
			repositoryURL = "https://github.com/firebase/firebase-ios-sdk";
			requirement = {
				kind = upToNextMajorVersion;
				minimumVersion = 10.0.0;
			};
		};
/* End XCRemoteSwiftPackageReference section */

/* Begin XCSwiftPackageProductDependency section */
		2A496A8B2A05E58E00075840 /* FirebaseStorage */ = {
			isa = XCSwiftPackageProductDependency;
			package = 2AF5047629FD63A300A30D9D /* XCRemoteSwiftPackageReference "firebase-ios-sdk" */;
			productName = FirebaseStorage;
		};
		2A68BC0229FE94E500898B9D /* FirebaseFirestore */ = {
			isa = XCSwiftPackageProductDependency;
			package = 2AF5047629FD63A300A30D9D /* XCRemoteSwiftPackageReference "firebase-ios-sdk" */;
			productName = FirebaseFirestore;
		};
		2AF5047729FD63A300A30D9D /* FirebaseAnalytics */ = {
			isa = XCSwiftPackageProductDependency;
			package = 2AF5047629FD63A300A30D9D /* XCRemoteSwiftPackageReference "firebase-ios-sdk" */;
			productName = FirebaseAnalytics;
		};
		2AF5047929FD63A300A30D9D /* FirebaseAnalyticsSwift */ = {
			isa = XCSwiftPackageProductDependency;
			package = 2AF5047629FD63A300A30D9D /* XCRemoteSwiftPackageReference "firebase-ios-sdk" */;
			productName = FirebaseAnalyticsSwift;
		};
		2AF5049629FD6AC200A30D9D /* FirebaseAuth */ = {
			isa = XCSwiftPackageProductDependency;
			package = 2AF5047629FD63A300A30D9D /* XCRemoteSwiftPackageReference "firebase-ios-sdk" */;
			productName = FirebaseAuth;
		};
/* End XCSwiftPackageProductDependency section */
	};
	rootObject = 2AF5045B29FD554900A30D9D /* Project object */;
}
